// !$*UTF8*$!
{
	archiveVersion = 1;
	classes = {
	};
	objectVersion = 48;
	objects = {

/* Begin PBXBuildFile section */
		B823D7861FAD04CD0074C421 /* ComponentLayout.swift in Sources */ = {isa = PBXBuildFile; fileRef = B823D7851FAD04CD0074C421 /* ComponentLayout.swift */; };
		B82BE8701FAC2B7E00211BFC /* AppDelegate.swift in Sources */ = {isa = PBXBuildFile; fileRef = B82BE86F1FAC2B7E00211BFC /* AppDelegate.swift */; };
		B82BE8721FAC2B7E00211BFC /* ViewController.swift in Sources */ = {isa = PBXBuildFile; fileRef = B82BE8711FAC2B7E00211BFC /* ViewController.swift */; };
		B82BE8771FAC2B7E00211BFC /* Assets.xcassets in Resources */ = {isa = PBXBuildFile; fileRef = B82BE8761FAC2B7E00211BFC /* Assets.xcassets */; };
		B82BE87A1FAC2B7E00211BFC /* LaunchScreen.storyboard in Resources */ = {isa = PBXBuildFile; fileRef = B82BE8781FAC2B7E00211BFC /* LaunchScreen.storyboard */; };
		B89D6B3C1FB3413D00ED80A8 /* Operations.swift in Sources */ = {isa = PBXBuildFile; fileRef = B89D6B3B1FB3413D00ED80A8 /* Operations.swift */; };
/* End PBXBuildFile section */

/* Begin PBXFileReference section */
		B823D7851FAD04CD0074C421 /* ComponentLayout.swift */ = {isa = PBXFileReference; lastKnownFileType = sourcecode.swift; path = ComponentLayout.swift; sourceTree = "<group>"; };
		B82BE86C1FAC2B7E00211BFC /* Calculator.app */ = {isa = PBXFileReference; explicitFileType = wrapper.application; includeInIndex = 0; path = Calculator.app; sourceTree = BUILT_PRODUCTS_DIR; };
		B82BE86F1FAC2B7E00211BFC /* AppDelegate.swift */ = {isa = PBXFileReference; lastKnownFileType = sourcecode.swift; path = AppDelegate.swift; sourceTree = "<group>"; };
		B82BE8711FAC2B7E00211BFC /* ViewController.swift */ = {isa = PBXFileReference; lastKnownFileType = sourcecode.swift; path = ViewController.swift; sourceTree = "<group>"; };
		B82BE8761FAC2B7E00211BFC /* Assets.xcassets */ = {isa = PBXFileReference; lastKnownFileType = folder.assetcatalog; path = Assets.xcassets; sourceTree = "<group>"; };
		B82BE8791FAC2B7E00211BFC /* Base */ = {isa = PBXFileReference; lastKnownFileType = file.storyboard; name = Base; path = Base.lproj/LaunchScreen.storyboard; sourceTree = "<group>"; };
		B82BE87B1FAC2B7E00211BFC /* Info.plist */ = {isa = PBXFileReference; lastKnownFileType = text.plist.xml; path = Info.plist; sourceTree = "<group>"; };
		B89D6B3B1FB3413D00ED80A8 /* Operations.swift */ = {isa = PBXFileReference; lastKnownFileType = sourcecode.swift; path = Operations.swift; sourceTree = "<group>"; };
/* End PBXFileReference section */

/* Begin PBXFrameworksBuildPhase section */
		B82BE8691FAC2B7E00211BFC /* Frameworks */ = {
			isa = PBXFrameworksBuildPhase;
			buildActionMask = 2147483647;
			files = (
			);
			runOnlyForDeploymentPostprocessing = 0;
		};
/* End PBXFrameworksBuildPhase section */

/* Begin PBXGroup section */
		B823D7871FAD074D0074C421 /* src */ = {
			isa = PBXGroup;
			children = (
				B823D7881FAD07590074C421 /* start */,
			);
			path = src;
			sourceTree = "<group>";
		};
		B823D7881FAD07590074C421 /* start */ = {
			isa = PBXGroup;
			children = (
				B82BE8711FAC2B7E00211BFC /* ViewController.swift */,
				B823D7851FAD04CD0074C421 /* ComponentLayout.swift */,
				B89D6B3B1FB3413D00ED80A8 /* Operations.swift */,
			);
			path = start;
			sourceTree = "<group>";
		};
		B823D7891FAD07690074C421 /* delegate */ = {
			isa = PBXGroup;
			children = (
				B82BE86F1FAC2B7E00211BFC /* AppDelegate.swift */,
			);
			path = delegate;
			sourceTree = "<group>";
		};
		B823D78A1FAD07740074C421 /* resources */ = {
			isa = PBXGroup;
			children = (
				B82BE8761FAC2B7E00211BFC /* Assets.xcassets */,
			);
			path = resources;
			sourceTree = "<group>";
		};
		B82BE8631FAC2B7E00211BFC = {
			isa = PBXGroup;
			children = (
				B82BE86E1FAC2B7E00211BFC /* Calculator */,
				B82BE86D1FAC2B7E00211BFC /* Products */,
			);
			sourceTree = "<group>";
		};
		B82BE86D1FAC2B7E00211BFC /* Products */ = {
			isa = PBXGroup;
			children = (
				B82BE86C1FAC2B7E00211BFC /* Calculator.app */,
			);
			name = Products;
			sourceTree = "<group>";
		};
		B82BE86E1FAC2B7E00211BFC /* Calculator */ = {
			isa = PBXGroup;
			children = (
				B823D78A1FAD07740074C421 /* resources */,
				B823D7891FAD07690074C421 /* delegate */,
				B823D7871FAD074D0074C421 /* src */,
				B82BE8781FAC2B7E00211BFC /* LaunchScreen.storyboard */,
				B82BE87B1FAC2B7E00211BFC /* Info.plist */,
			);
			path = Calculator;
			sourceTree = "<group>";
		};
/* End PBXGroup section */

/* Begin PBXNativeTarget section */
		B82BE86B1FAC2B7E00211BFC /* Calculator */ = {
			isa = PBXNativeTarget;
			buildConfigurationList = B82BE87E1FAC2B7E00211BFC /* Build configuration list for PBXNativeTarget "Calculator" */;
			buildPhases = (
				B82BE8681FAC2B7E00211BFC /* Sources */,
				B82BE8691FAC2B7E00211BFC /* Frameworks */,
				B82BE86A1FAC2B7E00211BFC /* Resources */,
			);
			buildRules = (
			);
			dependencies = (
			);
			name = Calculator;
			productName = Calculator;
			productReference = B82BE86C1FAC2B7E00211BFC /* Calculator.app */;
			productType = "com.apple.product-type.application";
		};
/* End PBXNativeTarget section */

/* Begin PBXProject section */
		B82BE8641FAC2B7E00211BFC /* Project object */ = {
			isa = PBXProject;
			attributes = {
				LastSwiftUpdateCheck = 0910;
				LastUpgradeCheck = 0910;
				ORGANIZATIONNAME = "Luis Santiago";
				TargetAttributes = {
					B82BE86B1FAC2B7E00211BFC = {
						CreatedOnToolsVersion = 9.1;
						ProvisioningStyle = Automatic;
					};
				};
			};
			buildConfigurationList = B82BE8671FAC2B7E00211BFC /* Build configuration list for PBXProject "Calculator" */;
			compatibilityVersion = "Xcode 8.0";
			developmentRegion = en;
			hasScannedForEncodings = 0;
			knownRegions = (
				en,
				Base,
			);
			mainGroup = B82BE8631FAC2B7E00211BFC;
			productRefGroup = B82BE86D1FAC2B7E00211BFC /* Products */;
			projectDirPath = "";
			projectRoot = "";
			targets = (
				B82BE86B1FAC2B7E00211BFC /* Calculator */,
			);
		};
/* End PBXProject section */

/* Begin PBXResourcesBuildPhase section */
		B82BE86A1FAC2B7E00211BFC /* Resources */ = {
			isa = PBXResourcesBuildPhase;
			buildActionMask = 2147483647;
			files = (
				B82BE87A1FAC2B7E00211BFC /* LaunchScreen.storyboard in Resources */,
				B82BE8771FAC2B7E00211BFC /* Assets.xcassets in Resources */,
			);
			runOnlyForDeploymentPostprocessing = 0;
		};
/* End PBXResourcesBuildPhase section */

/* Begin PBXSourcesBuildPhase section */
		B82BE8681FAC2B7E00211BFC /* Sources */ = {
			isa = PBXSourcesBuildPhase;
			buildActionMask = 2147483647;
			files = (
				B82BE8721FAC2B7E00211BFC /* ViewController.swift in Sources */,
				B823D7861FAD04CD0074C421 /* ComponentLayout.swift in Sources */,
				B82BE8701FAC2B7E00211BFC /* AppDelegate.swift in Sources */,
				B89D6B3C1FB3413D00ED80A8 /* Operations.swift in Sources */,
			);
			runOnlyForDeploymentPostprocessing = 0;
		};
/* End PBXSourcesBuildPhase section */

/* Begin PBXVariantGroup section */
		B82BE8781FAC2B7E00211BFC /* LaunchScreen.storyboard */ = {
			isa = PBXVariantGroup;
			children = (
				B82BE8791FAC2B7E00211BFC /* Base */,
			);
			name = LaunchScreen.storyboard;
			sourceTree = "<group>";
		};
/* End PBXVariantGroup section */

/* Begin XCBuildConfiguration section */
		B82BE87C1FAC2B7E00211BFC /* Debug */ = {
			isa = XCBuildConfiguration;
			buildSettings = {
				ALWAYS_SEARCH_USER_PATHS = NO;
				CLANG_ANALYZER_NONNULL = YES;
				CLANG_ANALYZER_NUMBER_OBJECT_CONVERSION = YES_AGGRESSIVE;
				CLANG_CXX_LANGUAGE_STANDARD = "gnu++14";
				CLANG_CXX_LIBRARY = "libc++";
				CLANG_ENABLE_MODULES = YES;
				CLANG_ENABLE_OBJC_ARC = YES;
				CLANG_WARN_BLOCK_CAPTURE_AUTORELEASING = YES;
				CLANG_WARN_BOOL_CONVERSION = YES;
				CLANG_WARN_COMMA = YES;
				CLANG_WARN_CONSTANT_CONVERSION = YES;
				CLANG_WARN_DIRECT_OBJC_ISA_USAGE = YES_ERROR;
				CLANG_WARN_DOCUMENTATION_COMMENTS = YES;
				CLANG_WARN_EMPTY_BODY = YES;
				CLANG_WARN_ENUM_CONVERSION = YES;
				CLANG_WARN_INFINITE_RECURSION = YES;
				CLANG_WARN_INT_CONVERSION = YES;
				CLANG_WARN_NON_LITERAL_NULL_CONVERSION = YES;
				CLANG_WARN_OBJC_LITERAL_CONVERSION = YES;
				CLANG_WARN_OBJC_ROOT_CLASS = YES_ERROR;
				CLANG_WARN_RANGE_LOOP_ANALYSIS = YES;
				CLANG_WARN_STRICT_PROTOTYPES = YES;
				CLANG_WARN_SUSPICIOUS_MOVE = YES;
				CLANG_WARN_UNGUARDED_AVAILABILITY = YES_AGGRESSIVE;
				CLANG_WARN_UNREACHABLE_CODE = YES;
				CLANG_WARN__DUPLICATE_METHOD_MATCH = YES;
				CODE_SIGN_IDENTITY = "iPhone Developer";
				COPY_PHASE_STRIP = NO;
				DEBUG_INFORMATION_FORMAT = dwarf;
				ENABLE_STRICT_OBJC_MSGSEND = YES;
				ENABLE_TESTABILITY = YES;
				GCC_C_LANGUAGE_STANDARD = gnu11;
				GCC_DYNAMIC_NO_PIC = NO;
				GCC_NO_COMMON_BLOCKS = YES;
				GCC_OPTIMIZATION_LEVEL = 0;
				GCC_PREPROCESSOR_DEFINITIONS = (
					"DEBUG=1",
					"$(inherited)",
				);
				GCC_WARN_64_TO_32_BIT_CONVERSION = YES;
				GCC_WARN_ABOUT_RETURN_TYPE = YES_ERROR;
				GCC_WARN_UNDECLARED_SELECTOR = YES;
				GCC_WARN_UNINITIALIZED_AUTOS = YES_AGGRESSIVE;
				GCC_WARN_UNUSED_FUNCTION = YES;
				GCC_WARN_UNUSED_VARIABLE = YES;
				IPHONEOS_DEPLOYMENT_TARGET = 11.1;
				MTL_ENABLE_DEBUG_INFO = YES;
				ONLY_ACTIVE_ARCH = YES;
				SDKROOT = iphoneos;
				SWIFT_ACTIVE_COMPILATION_CONDITIONS = DEBUG;
				SWIFT_OPTIMIZATION_LEVEL = "-Onone";
			};
			name = Debug;
		};
		B82BE87D1FAC2B7E00211BFC /* Release */ = {
			isa = XCBuildConfiguration;
			buildSettings = {
				ALWAYS_SEARCH_USER_PATHS = NO;
				CLANG_ANALYZER_NONNULL = YES;
				CLANG_ANALYZER_NUMBER_OBJECT_CONVERSION = YES_AGGRESSIVE;
				CLANG_CXX_LANGUAGE_STANDARD = "gnu++14";
				CLANG_CXX_LIBRARY = "libc++";
				CLANG_ENABLE_MODULES = YES;
				CLANG_ENABLE_OBJC_ARC = YES;
				CLANG_WARN_BLOCK_CAPTURE_AUTORELEASING = YES;
				CLANG_WARN_BOOL_CONVERSION = YES;
				CLANG_WARN_COMMA = YES;
				CLANG_WARN_CONSTANT_CONVERSION = YES;
				CLANG_WARN_DIRECT_OBJC_ISA_USAGE = YES_ERROR;
				CLANG_WARN_DOCUMENTATION_COMMENTS = YES;
				CLANG_WARN_EMPTY_BODY = YES;
				CLANG_WARN_ENUM_CONVERSION = YES;
				CLANG_WARN_INFINITE_RECURSION = YES;
				CLANG_WARN_INT_CONVERSION = YES;
				CLANG_WARN_NON_LITERAL_NULL_CONVERSION = YES;
				CLANG_WARN_OBJC_LITERAL_CONVERSION = YES;
				CLANG_WARN_OBJC_ROOT_CLASS = YES_ERROR;
				CLANG_WARN_RANGE_LOOP_ANALYSIS = YES;
				CLANG_WARN_STRICT_PROTOTYPES = YES;
				CLANG_WARN_SUSPICIOUS_MOVE = YES;
				CLANG_WARN_UNGUARDED_AVAILABILITY = YES_AGGRESSIVE;
				CLANG_WARN_UNREACHABLE_CODE = YES;
				CLANG_WARN__DUPLICATE_METHOD_MATCH = YES;
				CODE_SIGN_IDENTITY = "iPhone Developer";
				COPY_PHASE_STRIP = NO;
				DEBUG_INFORMATION_FORMAT = "dwarf-with-dsym";
				ENABLE_NS_ASSERTIONS = NO;
				ENABLE_STRICT_OBJC_MSGSEND = YES;
				GCC_C_LANGUAGE_STANDARD = gnu11;
				GCC_NO_COMMON_BLOCKS = YES;
				GCC_WARN_64_TO_32_BIT_CONVERSION = YES;
				GCC_WARN_ABOUT_RETURN_TYPE = YES_ERROR;
				GCC_WARN_UNDECLARED_SELECTOR = YES;
				GCC_WARN_UNINITIALIZED_AUTOS = YES_AGGRESSIVE;
				GCC_WARN_UNUSED_FUNCTION = YES;
				GCC_WARN_UNUSED_VARIABLE = YES;
				IPHONEOS_DEPLOYMENT_TARGET = 11.1;
				MTL_ENABLE_DEBUG_INFO = NO;
				SDKROOT = iphoneos;
				SWIFT_OPTIMIZATION_LEVEL = "-Owholemodule";
				VALIDATE_PRODUCT = YES;
			};
			name = Release;
		};
		B82BE87F1FAC2B7E00211BFC /* Debug */ = {
			isa = XCBuildConfiguration;
			buildSettings = {
				ASSETCATALOG_COMPILER_APPICON_NAME = AppIcon;
				CODE_SIGN_STYLE = Automatic;
				DEVELOPMENT_TEAM = 7F3CZT542G;
				INFOPLIST_FILE = Calculator/Info.plist;
				LD_RUNPATH_SEARCH_PATHS = "$(inherited) @executable_path/Frameworks";
				PRODUCT_BUNDLE_IDENTIFIER = "luis-santiago.com.Calculator";
				PRODUCT_NAME = "$(TARGET_NAME)";
				SWIFT_VERSION = 4.0;
				TARGETED_DEVICE_FAMILY = "1,2";
			};
			name = Debug;
		};
		B82BE8801FAC2B7E00211BFC /* Release */ = {
			isa = XCBuildConfiguration;
			buildSettings = {
				ASSETCATALOG_COMPILER_APPICON_NAME = AppIcon;
				CODE_SIGN_STYLE = Automatic;
				DEVELOPMENT_TEAM = 7F3CZT542G;
				INFOPLIST_FILE = Calculator/Info.plist;
				LD_RUNPATH_SEARCH_PATHS = "$(inherited) @executable_path/Frameworks";
				PRODUCT_BUNDLE_IDENTIFIER = "luis-santiago.com.Calculator";
				PRODUCT_NAME = "$(TARGET_NAME)";
				SWIFT_VERSION = 4.0;
				TARGETED_DEVICE_FAMILY = "1,2";
			};
			name = Release;
		};
/* End XCBuildConfiguration section */

/* Begin XCConfigurationList section */
		B82BE8671FAC2B7E00211BFC /* Build configuration list for PBXProject "Calculator" */ = {
			isa = XCConfigurationList;
			buildConfigurations = (
				B82BE87C1FAC2B7E00211BFC /* Debug */,
				B82BE87D1FAC2B7E00211BFC /* Release */,
			);
			defaultConfigurationIsVisible = 0;
			defaultConfigurationName = Release;
		};
		B82BE87E1FAC2B7E00211BFC /* Build configuration list for PBXNativeTarget "Calculator" */ = {
			isa = XCConfigurationList;
			buildConfigurations = (
				B82BE87F1FAC2B7E00211BFC /* Debug */,
				B82BE8801FAC2B7E00211BFC /* Release */,
			);
			defaultConfigurationIsVisible = 0;
			defaultConfigurationName = Release;
		};
/* End XCConfigurationList section */
	};
	rootObject = B82BE8641FAC2B7E00211BFC /* Project object */;
}
